
Microsoft Visual Studio Solution File, Format Version 12.00
# Visual Studio Version 16
VisualStudioVersion = 16.0.29911.84
MinimumVisualStudioVersion = 10.0.40219.1
Project("{FAE04EC0-301F-11D3-BF4B-00C04F79EFBC}") = "emarket", "emarket\emarket.csproj", "{5FD93952-0D20-4657-901E-D8738A3E1427}"
EndProject
Global
	GlobalSection(SolutionConfigurationPlatforms) = preSolution
		Debug|Any CPU = Debug|Any CPU
		Release|Any CPU = Release|Any CPU
	EndGlobalSection
	GlobalSection(ProjectConfigurationPlatforms) = postSolution
		{5FD93952-0D20-4657-901E-D8738A3E1427}.Debug|Any CPU.ActiveCfg = Debug|Any CPU
		{5FD93952-0D20-4657-901E-D8738A3E1427}.Debug|Any CPU.Build.0 = Debug|Any CPU
		{5FD93952-0D20-4657-901E-D8738A3E1427}.Release|Any CPU.ActiveCfg = Release|Any CPU
		{5FD93952-0D20-4657-901E-D8738A3E1427}.Release|Any CPU.Build.0 = Release|Any CPU
	EndGlobalSection
	GlobalSection(SolutionProperties) = preSolution
		HideSolutionNode = FALSE
	EndGlobalSection
	GlobalSection(ExtensibilityGlobals) = postSolution
		SolutionGuid = {4DC07AF9-E47E-4BD9-87DB-E37797F41308}
	EndGlobalSection
EndGlobal
